{
  "requires": true,
  "lockfileVersion": 1,
  "dependencies": {
    "react-native-splash-screen": {
      "version": "3.2.0",
      "resolved": "https://registry.npmjs.org/react-native-splash-screen/-/react-native-splash-screen-3.2.0.tgz",
      "integrity": "sha512-Ls9qiNZzW/OLFoI25wfjjAcrf2DZ975hn2vr6U9gyuxi2nooVbzQeFoQS5vQcbCt9QX5NY8ASEEAtlLdIa6KVg=="
    }
  }
}
